{
  "version": 4,
  "terraform_version": "1.14.8",
  "serial": 15,
  "lineage": "24a12d3f-8480-9a52-85dc-de9cc5c82ead",
  "outputs": {
    "artifacts_bucket": {
      "value": "codebuild-artifacts-725115072836",
      "type": "string"
    },
    "codebuild_project_name": {
      "value": "codebuild-demo-project",
      "type": "string"
    },
    "codedeploy_app_name": {
      "value": "codedeploy-demo-app",
      "type": "string"
    },
    "ec2_public_ip": {
      "value": "3.95.39.218",
      "type": "string"
    }
  },
  "resources": [
    {
      "mode": "managed",
      "type": "aws_codebuild_project",
      "name": "demo",
      "provider": "provider[\"registry.terraform.io/hashicorp/aws\"]",
      "instances": [
        {
          "schema_version": 0,
          "attributes": {
            "arn": "arn:aws:codebuild:us-east-1:725115072836:project/codebuild-demo-project",
            "artifacts": [
              {
                "artifact_identifier": "",
                "bucket_owner_access": "",
                "encryption_disabled": false,
                "location": "codebuild-artifacts-725115072836",
                "name": "codebuild-demo-project",
                "namespace_type": "NONE",
                "override_artifact_name": false,
                "packaging": "ZIP",
                "path": "",
                "type": "S3"
              }
            ],
            "auto_retry_limit": 0,
            "badge_enabled": false,
            "badge_url": "",
            "build_batch_config": [],
            "build_timeout": 5,
            "cache": [
              {
                "cache_namespace": "",
                "location": "",
                "modes": [],
                "type": "NO_CACHE"
              }
            ],
            "concurrent_build_limit": 0,
            "description": "Demo CodeBuild project",
            "encryption_key": "arn:aws:kms:us-east-1:725115072836:alias/aws/s3",
            "environment": [
              {
                "certificate": "",
                "compute_type": "BUILD_GENERAL1_SMALL",
                "docker_server": [],
                "environment_variable": [],
                "fleet": [],
                "image": "aws/codebuild/standard:7.0",
                "image_pull_credentials_type": "CODEBUILD",
                "privileged_mode": false,
                "registry_credential": [],
                "type": "LINUX_CONTAINER"
              }
            ],
            "file_system_locations": [],
            "id": "arn:aws:codebuild:us-east-1:725115072836:project/codebuild-demo-project",
            "logs_config": [
              {
                "cloudwatch_logs": [
                  {
                    "group_name": "",
                    "status": "ENABLED",
                    "stream_name": ""
                  }
                ],
                "s3_logs": [
                  {
                    "bucket_owner_access": "",
                    "encryption_disabled": false,
                    "location": "",
                    "status": "DISABLED"
                  }
                ]
              }
            ],
            "name": "codebuild-demo-project",
            "project_visibility": "PRIVATE",
            "public_project_alias": "",
            "queued_timeout": 480,
            "region": "us-east-1",
            "resource_access_role": "",
            "secondary_artifacts": [],
            "secondary_source_version": [],
            "secondary_sources": [],
            "service_role": "arn:aws:iam::725115072836:role/codebuild-demo-role",
            "source": [
              {
                "auth": [],
                "build_status_config": [],
                "buildspec": "buildspec.yml",
                "git_clone_depth": 1,
                "git_submodules_config": [],
                "insecure_ssl": false,
                "location": "https://github.com/vames1/codebuild-demo.git",
                "report_build_status": false,
                "type": "GITHUB"
              }
            ],
            "source_version": "",
            "tags": {
              "Name": "CodeBuildDemo"
            },
            "tags_all": {
              "Name": "CodeBuildDemo",
              "Project": "codebuild-demo"
            },
            "vpc_config": []
          },
          "sensitive_attributes": [],
          "identity_schema_version": 0,
          "identity": {
            "arn": "arn:aws:codebuild:us-east-1:725115072836:project/codebuild-demo-project"
          },
          "private": "bnVsbA==",
          "dependencies": [
            "aws_iam_role.codebuild_role",
            "aws_s3_bucket.artifacts"
          ]
        }
      ]
    },
    {
      "mode": "managed",
      "type": "aws_codedeploy_app",
      "name": "demo",
      "provider": "provider[\"registry.terraform.io/hashicorp/aws\"]",
      "instances": [
        {
          "schema_version": 0,
          "attributes": {
            "application_id": "3b1c4255-4663-46cc-b3f8-283d8eb5e35b",
            "arn": "arn:aws:codedeploy:us-east-1:725115072836:application:codedeploy-demo-app",
            "compute_platform": "Server",
            "github_account_name": "",
            "id": "3b1c4255-4663-46cc-b3f8-283d8eb5e35b:codedeploy-demo-app",
            "linked_to_github": false,
            "name": "codedeploy-demo-app",
            "region": "us-east-1",
            "tags": null,
            "tags_all": {
              "Project": "codebuild-demo"
            }
          },
          "sensitive_attributes": [],
          "identity_schema_version": 0,
          "private": "bnVsbA=="
        }
      ]
    },
    {
      "mode": "managed",
      "type": "aws_codedeploy_deployment_group",
      "name": "demo",
      "provider": "provider[\"registry.terraform.io/hashicorp/aws\"]",
      "instances": [
        {
          "schema_version": 0,
          "attributes": {
            "alarm_configuration": [],
            "app_name": "codedeploy-demo-app",
            "arn": "arn:aws:codedeploy:us-east-1:725115072836:deploymentgroup:codedeploy-demo-app/codedeploy-demo-group",
            "auto_rollback_configuration": [],
            "autoscaling_groups": null,
            "blue_green_deployment_config": [],
            "compute_platform": "Server",
            "deployment_config_name": "CodeDeployDefault.OneAtATime",
            "deployment_group_id": "ea321c8d-ee23-40e2-a653-0db936130445",
            "deployment_group_name": "codedeploy-demo-group",
            "deployment_style": [
              {
                "deployment_option": "WITHOUT_TRAFFIC_CONTROL",
                "deployment_type": "IN_PLACE"
              }
            ],
            "ec2_tag_filter": [],
            "ec2_tag_set": [
              {
                "ec2_tag_filter": [
                  {
                    "key": "Name",
                    "type": "KEY_AND_VALUE",
                    "value": "CodeDeployWebServer"
                  }
                ]
              }
            ],
            "ecs_service": [],
            "id": "ea321c8d-ee23-40e2-a653-0db936130445",
            "load_balancer_info": [],
            "on_premises_instance_tag_filter": [],
            "outdated_instances_strategy": "UPDATE",
            "region": "us-east-1",
            "service_role_arn": "arn:aws:iam::725115072836:role/codedeploy-demo-role",
            "tags": null,
            "tags_all": {
              "Project": "codebuild-demo"
            },
            "termination_hook_enabled": false,
            "trigger_configuration": []
          },
          "sensitive_attributes": [],
          "identity_schema_version": 0,
          "private": "bnVsbA==",
          "dependencies": [
            "aws_codedeploy_app.demo",
            "aws_iam_role.codedeploy_role"
          ]
        }
      ]
    },
    {
      "mode": "managed",
      "type": "aws_iam_instance_profile",
      "name": "ec2_profile",
      "provider": "provider[\"registry.terraform.io/hashicorp/aws\"]",
      "instances": [
        {
          "schema_version": 0,
          "attributes": {
            "arn": "arn:aws:iam::725115072836:instance-profile/codedeploy-ec2-profile",
            "create_date": "2026-04-09T06:33:25Z",
            "id": "codedeploy-ec2-profile",
            "name": "codedeploy-ec2-profile",
            "name_prefix": "",
            "path": "/",
            "role": "codedeploy-ec2-role",
            "tags": null,
            "tags_all": {
              "Project": "codebuild-demo"
            },
            "unique_id": "AIPA2RVBZ6FCN74N6ZLHG"
          },
          "sensitive_attributes": [],
          "identity_schema_version": 0,
          "private": "bnVsbA==",
          "dependencies": [
            "aws_iam_role.ec2_role"
          ]
        }
      ]
    },
    {
      "mode": "managed",
      "type": "aws_iam_role",
      "name": "codebuild_role",
      "provider": "provider[\"registry.terraform.io/hashicorp/aws\"]",
      "instances": [
        {
          "schema_version": 0,
          "attributes": {
            "arn": "arn:aws:iam::725115072836:role/codebuild-demo-role",
            "assume_role_policy": "{\"Statement\":[{\"Action\":\"sts:AssumeRole\",\"Effect\":\"Allow\",\"Principal\":{\"Service\":\"codebuild.amazonaws.com\"}}],\"Version\":\"2012-10-17\"}",
            "create_date": "2026-04-08T20:38:47Z",
            "description": "",
            "force_detach_policies": false,
            "id": "codebuild-demo-role",
            "inline_policy": [
              {
                "name": "terraform-20260408203847237900000001",
                "policy": "{\"Version\":\"2012-10-17\",\"Statement\":[{\"Action\":[\"logs:CreateLogGroup\",\"logs:CreateLogStream\",\"logs:PutLogEvents\"],\"Effect\":\"Allow\",\"Resource\":\"*\"},{\"Action\":[\"s3:GetObject\",\"s3:PutObject\",\"s3:GetBucketLocation\"],\"Effect\":\"Allow\",\"Resource\":\"*\"}]}"
              }
            ],
            "managed_policy_arns": [],
            "max_session_duration": 3600,
            "name": "codebuild-demo-role",
            "name_prefix": "",
            "path": "/",
            "permissions_boundary": "",
            "tags": {},
            "tags_all": {
              "Project": "codebuild-demo"
            },
            "unique_id": "AROA2RVBZ6FCFGULFD3MH"
          },
          "sensitive_attributes": [],
          "identity_schema_version": 0,
          "identity": {
            "account_id": "725115072836",
            "name": "codebuild-demo-role"
          },
          "private": "bnVsbA=="
        }
      ]
    },
    {
      "mode": "managed",
      "type": "aws_iam_role",
      "name": "codedeploy_role",
      "provider": "provider[\"registry.terraform.io/hashicorp/aws\"]",
      "instances": [
        {
          "schema_version": 0,
          "attributes": {
            "arn": "arn:aws:iam::725115072836:role/codedeploy-demo-role",
            "assume_role_policy": "{\"Statement\":[{\"Action\":\"sts:AssumeRole\",\"Effect\":\"Allow\",\"Principal\":{\"Service\":\"codedeploy.amazonaws.com\"}}],\"Version\":\"2012-10-17\"}",
            "create_date": "2026-04-09T06:33:24Z",
            "description": "",
            "force_detach_policies": false,
            "id": "codedeploy-demo-role",
            "inline_policy": [],
            "managed_policy_arns": [],
            "max_session_duration": 3600,
            "name": "codedeploy-demo-role",
            "name_prefix": "",
            "path": "/",
            "permissions_boundary": "",
            "tags": null,
            "tags_all": {
              "Project": "codebuild-demo"
            },
            "unique_id": "AROA2RVBZ6FCBOA2KU6OJ"
          },
          "sensitive_attributes": [],
          "identity_schema_version": 0,
          "identity": {
            "account_id": "725115072836",
            "name": "codedeploy-demo-role"
          },
          "private": "bnVsbA=="
        }
      ]
    },
    {
      "mode": "managed",
      "type": "aws_iam_role",
      "name": "ec2_role",
      "provider": "provider[\"registry.terraform.io/hashicorp/aws\"]",
      "instances": [
        {
          "schema_version": 0,
          "attributes": {
            "arn": "arn:aws:iam::725115072836:role/codedeploy-ec2-role",
            "assume_role_policy": "{\"Statement\":[{\"Action\":\"sts:AssumeRole\",\"Effect\":\"Allow\",\"Principal\":{\"Service\":\"ec2.amazonaws.com\"}}],\"Version\":\"2012-10-17\"}",
            "create_date": "2026-04-09T06:33:24Z",
            "description": "",
            "force_detach_policies": false,
            "id": "codedeploy-ec2-role",
            "inline_policy": [],
            "managed_policy_arns": [],
            "max_session_duration": 3600,
            "name": "codedeploy-ec2-role",
            "name_prefix": "",
            "path": "/",
            "permissions_boundary": "",
            "tags": null,
            "tags_all": {
              "Project": "codebuild-demo"
            },
            "unique_id": "AROA2RVBZ6FCARZXQMU3J"
          },
          "sensitive_attributes": [],
          "identity_schema_version": 0,
          "identity": {
            "account_id": "725115072836",
            "name": "codedeploy-ec2-role"
          },
          "private": "bnVsbA=="
        }
      ]
    },
    {
      "mode": "managed",
      "type": "aws_iam_role_policy",
      "name": "codebuild_policy",
      "provider": "provider[\"registry.terraform.io/hashicorp/aws\"]",
      "instances": [
        {
          "schema_version": 0,
          "attributes": {
            "id": "codebuild-demo-role:terraform-20260408203847237900000001",
            "name": "terraform-20260408203847237900000001",
            "name_prefix": "terraform-",
            "policy": "{\"Version\":\"2012-10-17\",\"Statement\":[{\"Action\":[\"logs:CreateLogGroup\",\"logs:CreateLogStream\",\"logs:PutLogEvents\"],\"Effect\":\"Allow\",\"Resource\":\"*\"},{\"Action\":[\"s3:GetObject\",\"s3:PutObject\",\"s3:GetBucketLocation\"],\"Effect\":\"Allow\",\"Resource\":\"*\"}]}",
            "role": "codebuild-demo-role"
          },
          "sensitive_attributes": [],
          "identity_schema_version": 0,
          "identity": {
            "account_id": "725115072836",
            "name": "terraform-20260408203847237900000001",
            "role": "codebuild-demo-role"
          },
          "private": "bnVsbA==",
          "dependencies": [
            "aws_iam_role.codebuild_role"
          ]
        }
      ]
    },
    {
      "mode": "managed",
      "type": "aws_iam_role_policy_attachment",
      "name": "codedeploy_policy",
      "provider": "provider[\"registry.terraform.io/hashicorp/aws\"]",
      "instances": [
        {
          "schema_version": 0,
          "attributes": {
            "id": "codedeploy-demo-role/arn:aws:iam::aws:policy/service-role/AWSCodeDeployRole",
            "policy_arn": "arn:aws:iam::aws:policy/service-role/AWSCodeDeployRole",
            "role": "codedeploy-demo-role"
          },
          "sensitive_attributes": [],
          "identity_schema_version": 0,
          "identity": {
            "account_id": "725115072836",
            "policy_arn": "arn:aws:iam::aws:policy/service-role/AWSCodeDeployRole",
            "role": "codedeploy-demo-role"
          },
          "private": "bnVsbA==",
          "dependencies": [
            "aws_iam_role.codedeploy_role"
          ]
        }
      ]
    },
    {
      "mode": "managed",
      "type": "aws_iam_role_policy_attachment",
      "name": "ec2_s3",
      "provider": "provider[\"registry.terraform.io/hashicorp/aws\"]",
      "instances": [
        {
          "schema_version": 0,
          "attributes": {
            "id": "codedeploy-ec2-role/arn:aws:iam::aws:policy/AmazonS3ReadOnlyAccess",
            "policy_arn": "arn:aws:iam::aws:policy/AmazonS3ReadOnlyAccess",
            "role": "codedeploy-ec2-role"
          },
          "sensitive_attributes": [],
          "identity_schema_version": 0,
          "identity": {
            "account_id": "725115072836",
            "policy_arn": "arn:aws:iam::aws:policy/AmazonS3ReadOnlyAccess",
            "role": "codedeploy-ec2-role"
          },
          "private": "bnVsbA==",
          "dependencies": [
            "aws_iam_role.ec2_role"
          ]
        }
      ]
    },
    {
      "mode": "managed",
      "type": "aws_instance",
      "name": "web",
      "provider": "provider[\"registry.terraform.io/hashicorp/aws\"]",
      "instances": [
        {
          "schema_version": 2,
          "attributes": {
            "ami": "ami-0c02fb55956c7d316",
            "arn": "arn:aws:ec2:us-east-1:725115072836:instance/i-022110c6902e9fd9d",
            "associate_public_ip_address": true,
            "availability_zone": "us-east-1c",
            "capacity_reservation_specification": [
              {
                "capacity_reservation_preference": "open",
                "capacity_reservation_target": []
              }
            ],
            "cpu_options": [
              {
                "amd_sev_snp": "",
                "core_count": 1,
                "nested_virtualization": "",
                "threads_per_core": 2
              }
            ],
            "credit_specification": [
              {
                "cpu_credits": "unlimited"
              }
            ],
            "disable_api_stop": false,
            "disable_api_termination": false,
            "ebs_block_device": [],
            "ebs_optimized": false,
            "enable_primary_ipv6": null,
            "enclave_options": [
              {
                "enabled": false
              }
            ],
            "ephemeral_block_device": [],
            "force_destroy": false,
            "get_password_data": false,
            "hibernation": false,
            "host_id": "",
            "host_resource_group_arn": null,
            "iam_instance_profile": "codedeploy-ec2-profile",
            "id": "i-022110c6902e9fd9d",
            "instance_initiated_shutdown_behavior": "stop",
            "instance_lifecycle": "",
            "instance_market_options": [],
            "instance_state": "running",
            "instance_type": "t3.micro",
            "ipv6_address_count": 0,
            "ipv6_addresses": [],
            "key_name": "",
            "launch_template": [],
            "maintenance_options": [
              {
                "auto_recovery": "default"
              }
            ],
            "metadata_options": [
              {
                "http_endpoint": "enabled",
                "http_protocol_ipv6": "disabled",
                "http_put_response_hop_limit": 1,
                "http_tokens": "optional",
                "instance_metadata_tags": "disabled"
              }
            ],
            "monitoring": false,
            "network_interface": [],
            "outpost_arn": "",
            "password_data": "",
            "placement_group": "",
            "placement_group_id": "",
            "placement_partition_number": 0,
            "primary_network_interface": [
              {
                "delete_on_termination": true,
                "network_interface_id": "eni-003d8ec2d9e305360"
              }
            ],
            "primary_network_interface_id": "eni-003d8ec2d9e305360",
            "private_dns": "ip-172-31-22-40.ec2.internal",
            "private_dns_name_options": [
              {
                "enable_resource_name_dns_a_record": false,
                "enable_resource_name_dns_aaaa_record": false,
                "hostname_type": "ip-name"
              }
            ],
            "private_ip": "172.31.22.40",
            "public_dns": "ec2-3-95-39-218.compute-1.amazonaws.com",
            "public_ip": "3.95.39.218",
            "region": "us-east-1",
            "root_block_device": [
              {
                "delete_on_termination": true,
                "device_name": "/dev/xvda",
                "encrypted": false,
                "iops": 100,
                "kms_key_id": "",
                "tags": {
                  "Project": "codebuild-demo"
                },
                "tags_all": {
                  "Project": "codebuild-demo"
                },
                "throughput": 0,
                "volume_id": "vol-0c092484fb198d779",
                "volume_size": 8,
                "volume_type": "gp2"
              }
            ],
            "secondary_network_interface": [],
            "secondary_private_ips": [],
            "security_groups": [
              "codedeploy-web-sg"
            ],
            "source_dest_check": true,
            "spot_instance_request_id": "",
            "subnet_id": "subnet-0d6c076f20bd06f3a",
            "tags": {
              "Name": "CodeDeployWebServer"
            },
            "tags_all": {
              "Name": "CodeDeployWebServer",
              "Project": "codebuild-demo"
            },
            "tenancy": "default",
            "timeouts": null,
            "user_data": "#!/bin/bash\nyum update -y\nyum install -y ruby wget\ncd /home/ec2-user\nwget https://aws-codedeploy-us-east-1.s3.amazonaws.com/latest/install\nchmod +x ./install\n./install auto\nservice codedeploy-agent start\n",
            "user_data_base64": null,
            "user_data_replace_on_change": false,
            "volume_tags": null,
            "vpc_security_group_ids": [
              "sg-0f29cbbfc43e4beba"
            ]
          },
          "sensitive_attributes": [],
          "identity_schema_version": 0,
          "identity": {
            "account_id": "725115072836",
            "id": "i-022110c6902e9fd9d",
            "region": "us-east-1"
          },
          "private": "eyJlMmJmYjczMC1lY2FhLTExZTYtOGY4OC0zNDM2M2JjN2M0YzAiOnsiY3JlYXRlIjo2MDAwMDAwMDAwMDAsImRlbGV0ZSI6MTIwMDAwMDAwMDAwMCwicmVhZCI6OTAwMDAwMDAwMDAwLCJ1cGRhdGUiOjYwMDAwMDAwMDAwMH0sInNjaGVtYV92ZXJzaW9uIjoiMiJ9",
          "dependencies": [
            "aws_iam_instance_profile.ec2_profile",
            "aws_iam_role.ec2_role",
            "aws_security_group.web_sg"
          ]
        }
      ]
    },
    {
      "mode": "managed",
      "type": "aws_s3_bucket",
      "name": "artifacts",
      "provider": "provider[\"registry.terraform.io/hashicorp/aws\"]",
      "instances": [
        {
          "schema_version": 0,
          "attributes": {
            "acceleration_status": "",
            "acl": null,
            "arn": "arn:aws:s3:::codebuild-artifacts-725115072836",
            "bucket": "codebuild-artifacts-725115072836",
            "bucket_domain_name": "codebuild-artifacts-725115072836.s3.amazonaws.com",
            "bucket_namespace": "global",
            "bucket_prefix": "",
            "bucket_region": "us-east-1",
            "bucket_regional_domain_name": "codebuild-artifacts-725115072836.s3.us-east-1.amazonaws.com",
            "cors_rule": [],
            "force_destroy": false,
            "grant": [
              {
                "id": "ade2347236cacf129c9ce3e23d38ee2aa9de34d89e96ffab05f8fd9f479bc438",
                "permissions": [
                  "FULL_CONTROL"
                ],
                "type": "CanonicalUser",
                "uri": ""
              }
            ],
            "hosted_zone_id": "Z3AQBSTGFYJSTF",
            "id": "codebuild-artifacts-725115072836",
            "lifecycle_rule": [],
            "logging": [],
            "object_lock_configuration": [],
            "object_lock_enabled": false,
            "policy": "",
            "region": "us-east-1",
            "replication_configuration": [],
            "request_payer": "BucketOwner",
            "server_side_encryption_configuration": [
              {
                "rule": [
                  {
                    "apply_server_side_encryption_by_default": [
                      {
                        "kms_master_key_id": "",
                        "sse_algorithm": "AES256"
                      }
                    ],
                    "bucket_key_enabled": false
                  }
                ]
              }
            ],
            "tags": {
              "Name": "CodeBuildArtifacts"
            },
            "tags_all": {
              "Name": "CodeBuildArtifacts",
              "Project": "codebuild-demo"
            },
            "timeouts": null,
            "versioning": [
              {
                "enabled": false,
                "mfa_delete": false
              }
            ],
            "website": [],
            "website_domain": null,
            "website_endpoint": null
          },
          "sensitive_attributes": [],
          "identity_schema_version": 0,
          "identity": {
            "account_id": "725115072836",
            "bucket": "codebuild-artifacts-725115072836",
            "region": "us-east-1"
          },
          "private": "eyJlMmJmYjczMC1lY2FhLTExZTYtOGY4OC0zNDM2M2JjN2M0YzAiOnsiY3JlYXRlIjoxMjAwMDAwMDAwMDAwLCJkZWxldGUiOjM2MDAwMDAwMDAwMDAsInJlYWQiOjEyMDAwMDAwMDAwMDAsInVwZGF0ZSI6MTIwMDAwMDAwMDAwMH19"
        }
      ]
    },
    {
      "mode": "managed",
      "type": "aws_security_group",
      "name": "web_sg",
      "provider": "provider[\"registry.terraform.io/hashicorp/aws\"]",
      "instances": [
        {
          "schema_version": 1,
          "attributes": {
            "arn": "arn:aws:ec2:us-east-1:725115072836:security-group/sg-0f29cbbfc43e4beba",
            "description": "Allow HTTP traffic",
            "egress": [
              {
                "cidr_blocks": [
                  "0.0.0.0/0"
                ],
                "description": "",
                "from_port": 0,
                "ipv6_cidr_blocks": [],
                "prefix_list_ids": [],
                "protocol": "-1",
                "security_groups": [],
                "self": false,
                "to_port": 0
              }
            ],
            "id": "sg-0f29cbbfc43e4beba",
            "ingress": [
              {
                "cidr_blocks": [
                  "0.0.0.0/0"
                ],
                "description": "",
                "from_port": 22,
                "ipv6_cidr_blocks": [],
                "prefix_list_ids": [],
                "protocol": "tcp",
                "security_groups": [],
                "self": false,
                "to_port": 22
              },
              {
                "cidr_blocks": [
                  "0.0.0.0/0"
                ],
                "description": "",
                "from_port": 80,
                "ipv6_cidr_blocks": [],
                "prefix_list_ids": [],
                "protocol": "tcp",
                "security_groups": [],
                "self": false,
                "to_port": 80
              }
            ],
            "name": "codedeploy-web-sg",
            "name_prefix": "",
            "owner_id": "725115072836",
            "region": "us-east-1",
            "revoke_rules_on_delete": false,
            "tags": {
              "Name": "CodeDeployWebSG"
            },
            "tags_all": {
              "Name": "CodeDeployWebSG",
              "Project": "codebuild-demo"
            },
            "timeouts": null,
            "vpc_id": "vpc-0aa58aaf720b2f459"
          },
          "sensitive_attributes": [],
          "identity_schema_version": 0,
          "identity": {
            "account_id": "725115072836",
            "id": "sg-0f29cbbfc43e4beba",
            "region": "us-east-1"
          },
          "private": "eyJlMmJmYjczMC1lY2FhLTExZTYtOGY4OC0zNDM2M2JjN2M0YzAiOnsiY3JlYXRlIjo2MDAwMDAwMDAwMDAsImRlbGV0ZSI6OTAwMDAwMDAwMDAwfSwic2NoZW1hX3ZlcnNpb24iOiIxIn0="
        }
      ]
    }
  ],
  "check_results": null
}
